<?xml version="1.0" encoding="utf-8"?>
<Project ToolsVersion="4.0" xmlns="http://schemas.microsoft.com/developer/msbuild/2003">
  <ItemGroup>
    <Filter Include="Source Files">
      <UniqueIdentifier>{4FC737F1-C7A5-4376-A066-2A32D752A2FF}</UniqueIdentifier>
      <Extensions>cpp;c;cc;cxx;c++;cppm;ixx;def;odl;idl;hpj;bat;asm;asmx</Extensions>
    </Filter>
    <Filter Include="Header Files">
      <UniqueIdentifier>{93995380-89BD-4b04-88EB-625FBE52EBFB}</UniqueIdentifier>
      <Extensions>h;hh;hpp;hxx;h++;hm;inl;inc;ipp;xsd</Extensions>
    </Filter>
    <Filter Include="Resource Files">
      <UniqueIdentifier>{67DA6AB6-F800-4c08-8B7A-83BB121AAD01}</UniqueIdentifier>
      <Extensions>rc;ico;cur;bmp;dlg;rc2;rct;bin;rgs;gif;jpg;jpeg;jpe;resx;tiff;tif;png;wav;mfcribbon-ms</Extensions>
    </Filter>
    <Filter Include="Header Files\ProgrammingPatterns">
      <UniqueIdentifier>{9b56118a-182c-4103-b5e2-9c24ff6dcfa8}</UniqueIdentifier>
    </Filter>
    <Filter Include="Header Files\ActividadesEnClase">
      <UniqueIdentifier>{56d25dfc-d08b-413f-b520-d858b37a1300}</UniqueIdentifier>
    </Filter>
    <Filter Include="Header Files\ProgrammingPatterns\AbstractFactory">
      <UniqueIdentifier>{cf986f72-b9fb-4b7f-84d0-a7344ce617ef}</UniqueIdentifier>
    </Filter>
    <Filter Include="Source Files\ProgrammingPatterns">
      <UniqueIdentifier>{51d5be8d-e82a-4f2e-abc6-88a62c62429a}</UniqueIdentifier>
    </Filter>
    <Filter Include="Source Files\ProgrammingPatterns\AbstractFactory">
      <UniqueIdentifier>{b87545db-3426-4074-9760-b5d94a62df29}</UniqueIdentifier>
    </Filter>
    <Filter Include="Header Files\ProgrammingPatterns\AbstractFactoryActivity">
      <UniqueIdentifier>{453b6b57-c358-4629-9bc4-f22e546f8845}</UniqueIdentifier>
    </Filter>
    <Filter Include="Source Files\ProgrammingPatterns\AbstractFactoryActivity">
      <UniqueIdentifier>{20f7cb1b-9bb3-43af-89ca-f8a2452b1fa2}</UniqueIdentifier>
    </Filter>
    <Filter Include="Header Files\ProgrammingPatterns\Builder">
      <UniqueIdentifier>{ec3dfebc-ef7c-49a5-9cc8-6a6386ffd0bc}</UniqueIdentifier>
    </Filter>
    <Filter Include="Source Files\ProgrammingPatterns\Builder">
      <UniqueIdentifier>{fa1299f2-7654-4361-89d9-6c7311880791}</UniqueIdentifier>
    </Filter>
    <Filter Include="Header Files\ProgrammingPatterns\Builder\BuilderPizzaClase">
      <UniqueIdentifier>{7f30fb65-e11e-4ae5-b1ca-69ff40fd8f6f}</UniqueIdentifier>
    </Filter>
    <Filter Include="Header Files\ProgrammingPatterns\Prototype">
      <UniqueIdentifier>{7314af32-1bf9-4474-93e1-fe4269ce372b}</UniqueIdentifier>
    </Filter>
    <Filter Include="Header Files\ProgrammingPatterns\Adapter">
      <UniqueIdentifier>{b8acb4b3-a676-4d57-83d9-21bb383e22ea}</UniqueIdentifier>
    </Filter>
    <Filter Include="Header Files\ProgrammingPatterns\Composite">
      <UniqueIdentifier>{336b7c1d-cd3e-4872-abad-2c5a488ad071}</UniqueIdentifier>
    </Filter>
    <Filter Include="Header Files\ProgrammingPatterns\Decorator">
      <UniqueIdentifier>{92e3d3fe-582c-45df-9808-418cd876e7f1}</UniqueIdentifier>
    </Filter>
    <Filter Include="Header Files\ProgrammingPatterns\DecoratorActivity">
      <UniqueIdentifier>{432c6561-4ab0-470f-b8c9-89c806c71ec1}</UniqueIdentifier>
    </Filter>
    <Filter Include="Header Files\ProgrammingPatterns\CompositeActivity">
      <UniqueIdentifier>{0a2aaa79-9d98-4df6-8a7f-942fd9f99b36}</UniqueIdentifier>
    </Filter>
    <Filter Include="Header Files\ProgrammingPatterns\Proxy">
      <UniqueIdentifier>{7504dd5d-f6c3-43d3-bded-6f46f96e5b9d}</UniqueIdentifier>
    </Filter>
    <Filter Include="Header Files\GameProgrammingPatterns">
      <UniqueIdentifier>{55d9ef62-83f0-45c2-b90f-41bea25ff876}</UniqueIdentifier>
    </Filter>
    <Filter Include="Header Files\GameProgrammingPatterns\Observer">
      <UniqueIdentifier>{7c5a81e6-e0e2-43d6-99b2-f14d8b044f0a}</UniqueIdentifier>
    </Filter>
    <Filter Include="Header Files\ProgrammingPatterns\Bridge">
      <UniqueIdentifier>{a6fbe9d7-d7b9-4da5-8938-67aa8243ac7f}</UniqueIdentifier>
    </Filter>
    <Filter Include="Header Files\ProgrammingPatterns\ChainOfResponsability">
      <UniqueIdentifier>{7bc8b442-ca1d-462a-8608-84395995f7f2}</UniqueIdentifier>
    </Filter>
  </ItemGroup>
  <ItemGroup>
    <ClInclude Include="include\Prerequisites.h">
      <Filter>Header Files</Filter>
    </ClInclude>
    <ClInclude Include="include\Item.h">
      <Filter>Header Files</Filter>
    </ClInclude>
    <ClInclude Include="include\Inventory.h">
      <Filter>Header Files</Filter>
    </ClInclude>
    <ClInclude Include="include\Rectangle.h">
      <Filter>Header Files</Filter>
    </ClInclude>
    <ClInclude Include="include\Circle.h">
      <Filter>Header Files</Filter>
    </ClInclude>
    <ClInclude Include="include\Estudiante.h">
      <Filter>Header Files</Filter>
    </ClInclude>
    <ClInclude Include="include\CuentaBancaria.h">
      <Filter>Header Files</Filter>
    </ClInclude>
    <ClInclude Include="include\Banco.h">
      <Filter>Header Files</Filter>
    </ClInclude>
    <ClInclude Include="include\UsuarioBanco.h">
      <Filter>Header Files</Filter>
    </ClInclude>
    <ClInclude Include="include\Producto.h">
      <Filter>Header Files</Filter>
    </ClInclude>
    <ClInclude Include="include\ProgrammingPatterns\MiSingleton.h">
      <Filter>Header Files\ProgrammingPatterns</Filter>
    </ClInclude>
    <ClInclude Include="include\ProgrammingPatterns\RegistrosDeActividades.h">
      <Filter>Header Files\ActividadesEnClase</Filter>
    </ClInclude>
    <ClInclude Include="include\ProgrammingPatterns\FactoryMethod.h">
      <Filter>Header Files\ProgrammingPatterns</Filter>
    </ClInclude>
    <ClInclude Include="include\ProgrammingPatterns\Vehiculo.h">
      <Filter>Header Files\ActividadesEnClase</Filter>
    </ClInclude>
    <ClInclude Include="include\ProgrammingPatterns\AbstractFactory\ProductoA.h">
      <Filter>Header Files\ProgrammingPatterns\AbstractFactory</Filter>
    </ClInclude>
    <ClInclude Include="include\ProgrammingPatterns\AbstractFactory\ProductoB.h">
      <Filter>Header Files\ProgrammingPatterns\AbstractFactory</Filter>
    </ClInclude>
    <ClInclude Include="include\ProgrammingPatterns\AbstractFactory\FabricaAbstracta.h">
      <Filter>Header Files\ProgrammingPatterns\AbstractFactory</Filter>
    </ClInclude>
    <ClInclude Include="include\ProgrammingPatterns\AbstractFactory\ProductoConcretoA.h">
      <Filter>Header Files\ProgrammingPatterns\AbstractFactory</Filter>
    </ClInclude>
    <ClInclude Include="include\ProgrammingPatterns\AbstractFactory\ProductoConcretoB.h">
      <Filter>Header Files\ProgrammingPatterns\AbstractFactory</Filter>
    </ClInclude>
    <ClInclude Include="include\ProgrammingPatterns\AbstractFactory\FabricaConcreta.h">
      <Filter>Header Files\ProgrammingPatterns\AbstractFactory</Filter>
    </ClInclude>
    <ClInclude Include="include\ProgrammingPatterns\AbstractFactory\FactoriaMueble.h">
      <Filter>Header Files\ProgrammingPatterns\AbstractFactoryActivity</Filter>
    </ClInclude>
    <ClInclude Include="include\ProgrammingPatterns\AbstractFactory\Mueble.h">
      <Filter>Header Files\ProgrammingPatterns\AbstractFactoryActivity</Filter>
    </ClInclude>
    <ClInclude Include="include\ProgrammingPatterns\AbstractFactory\Silla.h">
      <Filter>Header Files\ProgrammingPatterns\AbstractFactoryActivity</Filter>
    </ClInclude>
    <ClInclude Include="include\ProgrammingPatterns\AbstractFactory\Mesa.h">
      <Filter>Header Files\ProgrammingPatterns\AbstractFactoryActivity</Filter>
    </ClInclude>
    <ClInclude Include="include\ProgrammingPatterns\AbstractFactory\FactoriaMueblesRusticos.h">
      <Filter>Header Files\ProgrammingPatterns\AbstractFactoryActivity</Filter>
    </ClInclude>
    <ClInclude Include="include\ProgrammingPatterns\AbstractFactory\FactoriaMueblesModernos.h">
      <Filter>Header Files\ProgrammingPatterns\AbstractFactoryActivity</Filter>
    </ClInclude>
    <ClInclude Include="include\ProgrammingPatterns\Builder\Producto.h">
      <Filter>Header Files\ProgrammingPatterns\Builder</Filter>
    </ClInclude>
    <ClInclude Include="include\ProgrammingPatterns\Builder\Builder.h">
      <Filter>Header Files\ProgrammingPatterns\Builder</Filter>
    </ClInclude>
    <ClInclude Include="include\ProgrammingPatterns\Builder\BuilderConcreto.h">
      <Filter>Header Files\ProgrammingPatterns\Builder</Filter>
    </ClInclude>
    <ClInclude Include="include\ProgrammingPatterns\Builder\Director.h">
      <Filter>Header Files\ProgrammingPatterns\Builder</Filter>
    </ClInclude>
    <ClInclude Include="include\ProgrammingPatterns\Builder\Pizza.h">
      <Filter>Header Files\ProgrammingPatterns\Builder</Filter>
    </ClInclude>
    <ClInclude Include="include\ProgrammingPatterns\Builder\ConstructorPizza.h">
      <Filter>Header Files\ProgrammingPatterns\Builder</Filter>
    </ClInclude>
    <ClInclude Include="include\ProgrammingPatterns\Builder\ConstructorPizzaHawaiana.h">
      <Filter>Header Files\ProgrammingPatterns\Builder</Filter>
    </ClInclude>
    <ClInclude Include="include\ProgrammingPatterns\Builder\ConstructorPizzaVegetariana.h">
      <Filter>Header Files\ProgrammingPatterns\Builder</Filter>
    </ClInclude>
    <ClInclude Include="include\ProgrammingPatterns\Builder\DirectorPizza.h">
      <Filter>Header Files\ProgrammingPatterns\Builder</Filter>
    </ClInclude>
    <ClInclude Include="include\ProgrammingPatterns\Builder\BuilderPizzaClase\Pizza.h">
      <Filter>Header Files\ProgrammingPatterns\Builder\BuilderPizzaClase</Filter>
    </ClInclude>
    <ClInclude Include="include\ProgrammingPatterns\Builder\BuilderPizzaClase\BuilderPizza.h">
      <Filter>Header Files\ProgrammingPatterns\Builder\BuilderPizzaClase</Filter>
    </ClInclude>
    <ClInclude Include="include\ProgrammingPatterns\Builder\BuilderPizzaClase\BuilderPizzaHawaiana.h">
      <Filter>Header Files\ProgrammingPatterns\Builder\BuilderPizzaClase</Filter>
    </ClInclude>
    <ClInclude Include="include\ProgrammingPatterns\Prototype\Prototype.h">
      <Filter>Header Files\ProgrammingPatterns\Prototype</Filter>
    </ClInclude>
    <ClInclude Include="include\ProgrammingPatterns\Prototype\PrototypeConcreto.h">
      <Filter>Header Files\ProgrammingPatterns\Prototype</Filter>
    </ClInclude>
    <ClInclude Include="include\ProgrammingPatterns\Adapter\InterfazVieja.h">
      <Filter>Header Files\ProgrammingPatterns\Adapter</Filter>
    </ClInclude>
    <ClInclude Include="include\ProgrammingPatterns\Adapter\InterfazNueva.h">
      <Filter>Header Files\ProgrammingPatterns\Adapter</Filter>
    </ClInclude>
    <ClInclude Include="include\ProgrammingPatterns\Adapter\Adaptador.h">
      <Filter>Header Files\ProgrammingPatterns\Adapter</Filter>
    </ClInclude>
    <ClInclude Include="include\ProgrammingPatterns\Adapter\Circulo.h">
      <Filter>Header Files\ProgrammingPatterns\Adapter</Filter>
    </ClInclude>
    <ClInclude Include="include\ProgrammingPatterns\Adapter\Cuadrado.h">
      <Filter>Header Files\ProgrammingPatterns\Adapter</Filter>
    </ClInclude>
    <ClInclude Include="include\ProgrammingPatterns\Adapter\Dibujable.h">
      <Filter>Header Files\ProgrammingPatterns\Adapter</Filter>
    </ClInclude>
    <ClInclude Include="include\ProgrammingPatterns\Adapter\CirculoAdapter.h">
      <Filter>Header Files\ProgrammingPatterns\Adapter</Filter>
    </ClInclude>
    <ClInclude Include="include\ProgrammingPatterns\Adapter\CuadradoAdapter.h">
      <Filter>Header Files\ProgrammingPatterns\Adapter</Filter>
    </ClInclude>
    <ClInclude Include="include\ProgrammingPatterns\Prototype\DocumentoPrototype.h">
      <Filter>Header Files\ProgrammingPatterns\Prototype</Filter>
    </ClInclude>
    <ClInclude Include="include\ProgrammingPatterns\Prototype\DocumentoTexto.h">
      <Filter>Header Files\ProgrammingPatterns\Prototype</Filter>
    </ClInclude>
    <ClInclude Include="include\ProgrammingPatterns\Prototype\DocumentoImagen.h">
      <Filter>Header Files\ProgrammingPatterns\Prototype</Filter>
    </ClInclude>
    <ClInclude Include="include\ProgrammingPatterns\Composite\Composite.h">
      <Filter>Header Files\ProgrammingPatterns\Composite</Filter>
    </ClInclude>
    <ClInclude Include="include\ProgrammingPatterns\Composite\Hoja.h">
      <Filter>Header Files\ProgrammingPatterns\Composite</Filter>
    </ClInclude>
    <ClInclude Include="include\ProgrammingPatterns\Decorator\Componente.h">
      <Filter>Header Files\ProgrammingPatterns\Decorator</Filter>
    </ClInclude>
    <ClInclude Include="include\ProgrammingPatterns\Decorator\ComponenteConcreto.h">
      <Filter>Header Files\ProgrammingPatterns\Decorator</Filter>
    </ClInclude>
    <ClInclude Include="include\ProgrammingPatterns\Decorator\Decorator.h">
      <Filter>Header Files\ProgrammingPatterns\Decorator</Filter>
    </ClInclude>
    <ClInclude Include="include\ProgrammingPatterns\Decorator\DecoradorConcretoA.h">
      <Filter>Header Files\ProgrammingPatterns\Decorator</Filter>
    </ClInclude>
    <ClInclude Include="include\ProgrammingPatterns\Decorator\DecoradorConcretoB.h">
      <Filter>Header Files\ProgrammingPatterns\Decorator</Filter>
    </ClInclude>
    <ClInclude Include="include\ProgrammingPatterns\Decorator\Cafeteria.h">
      <Filter>Header Files\ProgrammingPatterns\DecoratorActivity</Filter>
    </ClInclude>
    <ClInclude Include="include\ProgrammingPatterns\Decorator\CafeteriaConcreta.h">
      <Filter>Header Files\ProgrammingPatterns\DecoratorActivity</Filter>
    </ClInclude>
    <ClInclude Include="include\ProgrammingPatterns\Decorator\Condimento.h">
      <Filter>Header Files\ProgrammingPatterns\DecoratorActivity</Filter>
    </ClInclude>
    <ClInclude Include="include\ProgrammingPatterns\Decorator\Leche.h">
      <Filter>Header Files\ProgrammingPatterns\DecoratorActivity</Filter>
    </ClInclude>
    <ClInclude Include="include\ProgrammingPatterns\Decorator\Azucar.h">
      <Filter>Header Files\ProgrammingPatterns\DecoratorActivity</Filter>
    </ClInclude>
    <ClInclude Include="include\ProgrammingPatterns\Composite\Archivo.h">
      <Filter>Header Files\ProgrammingPatterns\CompositeActivity</Filter>
    </ClInclude>
    <ClInclude Include="include\ProgrammingPatterns\Composite\Carpeta.h">
      <Filter>Header Files\ProgrammingPatterns\CompositeActivity</Filter>
    </ClInclude>
    <ClInclude Include="include\ProgrammingPatterns\Composite\Sistema.h">
      <Filter>Header Files\ProgrammingPatterns\CompositeActivity</Filter>
    </ClInclude>
    <ClInclude Include="include\ProgrammingPatterns\Composite\SistemaArchivo.h">
      <Filter>Header Files\ProgrammingPatterns\CompositeActivity</Filter>
    </ClInclude>
    <ClInclude Include="include\ProgrammingPatterns\Composite\SistemaCarpeta.h">
      <Filter>Header Files\ProgrammingPatterns\CompositeActivity</Filter>
    </ClInclude>
    <ClInclude Include="include\ProgrammingPatterns\Proxy\Proxy.h">
      <Filter>Header Files\ProgrammingPatterns\Proxy</Filter>
    </ClInclude>
    <ClInclude Include="include\ProgrammingPatterns\Proxy\Sujeto.h">
      <Filter>Header Files\ProgrammingPatterns\Proxy</Filter>
    </ClInclude>
    <ClInclude Include="include\ProgrammingPatterns\Proxy\SujetoReal.h">
      <Filter>Header Files\ProgrammingPatterns\Proxy</Filter>
    </ClInclude>
    <ClInclude Include="include\GameProgrammingPatterns\Observer\Observer.h">
      <Filter>Header Files\GameProgrammingPatterns\Observer</Filter>
    </ClInclude>
    <ClInclude Include="include\GameProgrammingPatterns\Observer\SensorTemperatura.h">
      <Filter>Header Files\GameProgrammingPatterns\Observer</Filter>
    </ClInclude>
    <ClInclude Include="include\GameProgrammingPatterns\Observer\TermometroDigital.h">
      <Filter>Header Files\GameProgrammingPatterns\Observer</Filter>
    </ClInclude>
    <ClInclude Include="include\GameProgrammingPatterns\Observer\Mensaje.h">
      <Filter>Header Files</Filter>
    </ClInclude>
    <ClInclude Include="include\GameProgrammingPatterns\Observer\MensajeApp.h">
      <Filter>Header Files</Filter>
    </ClInclude>
    <ClInclude Include="include\GameProgrammingPatterns\Observer\NotificacionPantalla.h">
      <Filter>Header Files</Filter>
    </ClInclude>
    <ClInclude Include="include\GameProgrammingPatterns\Observer\NotificacionSonido.h">
      <Filter>Header Files</Filter>
    </ClInclude>
    <ClInclude Include="include\GameProgrammingPatterns\Observer\NotificacionVibracion.h">
      <Filter>Header Files</Filter>
    </ClInclude>
    <ClInclude Include="include\GameProgrammingPatterns\Observer\ObserverMessage.h">
      <Filter>Header Files</Filter>
    </ClInclude>
    <ClInclude Include="include\ProgrammingPatterns\Proxy\Imagen.h">
      <Filter>Header Files</Filter>
    </ClInclude>
    <ClInclude Include="include\ProgrammingPatterns\Proxy\InterfazImagen.h">
      <Filter>Header Files</Filter>
    </ClInclude>
    <ClInclude Include="include\ProgrammingPatterns\Proxy\ProxyImagen.h">
      <Filter>Header Files</Filter>
    </ClInclude>
    <ClInclude Include="include\ProgrammingPatterns\Bridge\Implementacion.h">
      <Filter>Header Files\ProgrammingPatterns\Bridge</Filter>
    </ClInclude>
    <ClInclude Include="include\ProgrammingPatterns\Bridge\ImplementacionConcretaA.h">
      <Filter>Header Files\ProgrammingPatterns\Bridge</Filter>
    </ClInclude>
    <ClInclude Include="include\ProgrammingPatterns\Bridge\ImplementacionConcretaB.h">
      <Filter>Header Files\ProgrammingPatterns\Bridge</Filter>
    </ClInclude>
    <ClInclude Include="include\ProgrammingPatterns\Bridge\Abstraccion.h">
      <Filter>Header Files\ProgrammingPatterns\Bridge</Filter>
    </ClInclude>
    <ClInclude Include="include\ProgrammingPatterns\Bridge\AbstraccionRefinada.h">
      <Filter>Header Files\ProgrammingPatterns\Bridge</Filter>
    </ClInclude>
    <ClInclude Include="include\ProgrammingPatterns\Bridge\Dispositivo.h">
      <Filter>Header Files\ProgrammingPatterns\Bridge</Filter>
    </ClInclude>
    <ClInclude Include="include\ProgrammingPatterns\Bridge\TV.h">
      <Filter>Header Files\ProgrammingPatterns\Bridge</Filter>
    </ClInclude>
    <ClInclude Include="include\ProgrammingPatterns\Bridge\Radio.h">
      <Filter>Header Files\ProgrammingPatterns\Bridge</Filter>
    </ClInclude>
    <ClInclude Include="include\ProgrammingPatterns\Bridge\ControlRemoto.h">
      <Filter>Header Files\ProgrammingPatterns\Bridge</Filter>
    </ClInclude>
    <ClInclude Include="include\ProgrammingPatterns\ChainOfResponsability\Manejador.h">
      <Filter>Header Files\ProgrammingPatterns\ChainOfResponsability</Filter>
    </ClInclude>
    <ClInclude Include="include\ProgrammingPatterns\ChainOfResponsability\ManejadorConcretoA.h">
      <Filter>Header Files\ProgrammingPatterns\ChainOfResponsability</Filter>
    </ClInclude>
    <ClInclude Include="include\ProgrammingPatterns\ChainOfResponsability\ManejadorConcretoB.h">
      <Filter>Header Files\ProgrammingPatterns\ChainOfResponsability</Filter>
    </ClInclude>
    <ClInclude Include="include\ProgrammingPatterns\ChainOfResponsability\ManejadorConcretoC.h">
      <Filter>Header Files\ProgrammingPatterns\ChainOfResponsability</Filter>
    </ClInclude>
    <ClInclude Include="include\ProgrammingPatterns\ChainOfResponsability\Solicitud.h">
      <Filter>Header Files\ProgrammingPatterns\ChainOfResponsability</Filter>
    </ClInclude>
    <ClInclude Include="include\ProgrammingPatterns\ChainOfResponsability\ManejadorAct.h">
      <Filter>Header Files\ProgrammingPatterns\ChainOfResponsability</Filter>
    </ClInclude>
    <ClInclude Include="include\ProgrammingPatterns\ChainOfResponsability\ManejadorDirectivo.h">
      <Filter>Header Files\ProgrammingPatterns\ChainOfResponsability</Filter>
    </ClInclude>
    <ClInclude Include="include\ProgrammingPatterns\ChainOfResponsability\ManejadorGerente.h">
      <Filter>Header Files\ProgrammingPatterns\ChainOfResponsability</Filter>
    </ClInclude>
    <ClInclude Include="include\ProgrammingPatterns\ChainOfResponsability\ManejadorDG.h">
      <Filter>Header Files\ProgrammingPatterns\ChainOfResponsability</Filter>
    </ClInclude>
  </ItemGroup>
  <ItemGroup>
    <ClCompile Include="source\main2.cpp">
      <Filter>Source Files</Filter>
    </ClCompile>
    <ClCompile Include="source\ProgrammingPatterns\AbstractFactory\ProductoConcretoA.cpp">
      <Filter>Source Files\ProgrammingPatterns\AbstractFactory</Filter>
    </ClCompile>
    <ClCompile Include="source\ProgrammingPatterns\AbstractFactory\ProductoConcretoB.cpp">
      <Filter>Source Files\ProgrammingPatterns\AbstractFactory</Filter>
    </ClCompile>
    <ClCompile Include="source\ProgrammingPatterns\AbstractFactory\Mesa.cpp">
      <Filter>Source Files\ProgrammingPatterns\AbstractFactoryActivity</Filter>
    </ClCompile>
    <ClCompile Include="source\ProgrammingPatterns\AbstractFactory\Silla.cpp">
      <Filter>Source Files\ProgrammingPatterns\AbstractFactoryActivity</Filter>
    </ClCompile>
    <ClCompile Include="source\ProgrammingPatterns\Builder\BuilderConcreto.cpp">
      <Filter>Source Files\ProgrammingPatterns\Builder</Filter>
    </ClCompile>
    <ClCompile Include="source\ProgrammingPatterns\Builder\ConstructorPizzaHawaina.cpp">
      <Filter>Source Files\ProgrammingPatterns\Builder</Filter>
    </ClCompile>
    <ClCompile Include="source\ProgrammingPatterns\Builder\ConstructorPizzaVegetariana.cpp">
      <Filter>Source Files\ProgrammingPatterns\Builder</Filter>
    </ClCompile>
  </ItemGroup>
</Project>