<?xml version="1.0" encoding="utf-8"?>
<Project ToolsVersion="4.0" xmlns="http://schemas.microsoft.com/developer/msbuild/2003">
  <ItemGroup>
    <Filter Include="Source Files">
      <UniqueIdentifier>{4FC737F1-C7A5-4376-A066-2A32D752A2FF}</UniqueIdentifier>
      <Extensions>cpp;c;cc;cxx;c++;cppm;ixx;def;odl;idl;hpj;bat;asm;asmx</Extensions>
    </Filter>
    <Filter Include="Header Files">
      <UniqueIdentifier>{93995380-89BD-4b04-88EB-625FBE52EBFB}</UniqueIdentifier>
      <Extensions>h;hh;hpp;hxx;h++;hm;inl;inc;ipp;xsd</Extensions>
    </Filter>
    <Filter Include="Resource Files">
      <UniqueIdentifier>{67DA6AB6-F800-4c08-8B7A-83BB121AAD01}</UniqueIdentifier>
      <Extensions>rc;ico;cur;bmp;dlg;rc2;rct;bin;rgs;gif;jpg;jpeg;jpe;resx;tiff;tif;png;wav;mfcribbon-ms</Extensions>
    </Filter>
    <Filter Include="Header Files\ProgrammingPatterns">
      <UniqueIdentifier>{9b56118a-182c-4103-b5e2-9c24ff6dcfa8}</UniqueIdentifier>
    </Filter>
    <Filter Include="Header Files\ActividadesEnClase">
      <UniqueIdentifier>{56d25dfc-d08b-413f-b520-d858b37a1300}</UniqueIdentifier>
    </Filter>
    <Filter Include="Header Files\ProgrammingPatterns\AbstractFactory">
      <UniqueIdentifier>{cf986f72-b9fb-4b7f-84d0-a7344ce617ef}</UniqueIdentifier>
    </Filter>
    <Filter Include="Source Files\ProgrammingPatterns">
      <UniqueIdentifier>{51d5be8d-e82a-4f2e-abc6-88a62c62429a}</UniqueIdentifier>
    </Filter>
    <Filter Include="Source Files\ProgrammingPatterns\AbstractFactory">
      <UniqueIdentifier>{b87545db-3426-4074-9760-b5d94a62df29}</UniqueIdentifier>
    </Filter>
    <Filter Include="Header Files\ProgrammingPatterns\AbstractFactoryActivity">
      <UniqueIdentifier>{453b6b57-c358-4629-9bc4-f22e546f8845}</UniqueIdentifier>
    </Filter>
    <Filter Include="Source Files\ProgrammingPatterns\AbstractFactoryActivity">
      <UniqueIdentifier>{20f7cb1b-9bb3-43af-89ca-f8a2452b1fa2}</UniqueIdentifier>
    </Filter>
    <Filter Include="Header Files\ProgrammingPatterns\Builder">
      <UniqueIdentifier>{ec3dfebc-ef7c-49a5-9cc8-6a6386ffd0bc}</UniqueIdentifier>
    </Filter>
    <Filter Include="Source Files\ProgrammingPatterns\Builder">
      <UniqueIdentifier>{fa1299f2-7654-4361-89d9-6c7311880791}</UniqueIdentifier>
    </Filter>
    <Filter Include="Header Files\ProgrammingPatterns\Builder\BuilderPizzaClase">
      <UniqueIdentifier>{7f30fb65-e11e-4ae5-b1ca-69ff40fd8f6f}</UniqueIdentifier>
    </Filter>
  </ItemGroup>
  <ItemGroup>
    <ClInclude Include="include\Prerequisites.h">
      <Filter>Header Files</Filter>
    </ClInclude>
    <ClInclude Include="include\Item.h">
      <Filter>Header Files</Filter>
    </ClInclude>
    <ClInclude Include="include\Inventory.h">
      <Filter>Header Files</Filter>
    </ClInclude>
    <ClInclude Include="include\Rectangle.h">
      <Filter>Header Files</Filter>
    </ClInclude>
    <ClInclude Include="include\Circle.h">
      <Filter>Header Files</Filter>
    </ClInclude>
    <ClInclude Include="include\Estudiante.h">
      <Filter>Header Files</Filter>
    </ClInclude>
    <ClInclude Include="include\CuentaBancaria.h">
      <Filter>Header Files</Filter>
    </ClInclude>
    <ClInclude Include="include\Banco.h">
      <Filter>Header Files</Filter>
    </ClInclude>
    <ClInclude Include="include\UsuarioBanco.h">
      <Filter>Header Files</Filter>
    </ClInclude>
    <ClInclude Include="include\Producto.h">
      <Filter>Header Files</Filter>
    </ClInclude>
    <ClInclude Include="include\ProgrammingPatterns\MiSingleton.h">
      <Filter>Header Files\ProgrammingPatterns</Filter>
    </ClInclude>
    <ClInclude Include="include\ProgrammingPatterns\RegistrosDeActividades.h">
      <Filter>Header Files\ActividadesEnClase</Filter>
    </ClInclude>
    <ClInclude Include="include\ProgrammingPatterns\FactoryMethod.h">
      <Filter>Header Files\ProgrammingPatterns</Filter>
    </ClInclude>
    <ClInclude Include="include\ProgrammingPatterns\Vehiculo.h">
      <Filter>Header Files\ActividadesEnClase</Filter>
    </ClInclude>
    <ClInclude Include="include\ProgrammingPatterns\AbstractFactory\ProductoA.h">
      <Filter>Header Files\ProgrammingPatterns\AbstractFactory</Filter>
    </ClInclude>
    <ClInclude Include="include\ProgrammingPatterns\AbstractFactory\ProductoB.h">
      <Filter>Header Files\ProgrammingPatterns\AbstractFactory</Filter>
    </ClInclude>
    <ClInclude Include="include\ProgrammingPatterns\AbstractFactory\FabricaAbstracta.h">
      <Filter>Header Files\ProgrammingPatterns\AbstractFactory</Filter>
    </ClInclude>
    <ClInclude Include="include\ProgrammingPatterns\AbstractFactory\ProductoConcretoA.h">
      <Filter>Header Files\ProgrammingPatterns\AbstractFactory</Filter>
    </ClInclude>
    <ClInclude Include="include\ProgrammingPatterns\AbstractFactory\ProductoConcretoB.h">
      <Filter>Header Files\ProgrammingPatterns\AbstractFactory</Filter>
    </ClInclude>
    <ClInclude Include="include\ProgrammingPatterns\AbstractFactory\FabricaConcreta.h">
      <Filter>Header Files\ProgrammingPatterns\AbstractFactory</Filter>
    </ClInclude>
    <ClInclude Include="include\ProgrammingPatterns\AbstractFactory\FactoriaMueble.h">
      <Filter>Header Files\ProgrammingPatterns\AbstractFactoryActivity</Filter>
    </ClInclude>
    <ClInclude Include="include\ProgrammingPatterns\AbstractFactory\Mueble.h">
      <Filter>Header Files\ProgrammingPatterns\AbstractFactoryActivity</Filter>
    </ClInclude>
    <ClInclude Include="include\ProgrammingPatterns\AbstractFactory\Silla.h">
      <Filter>Header Files\ProgrammingPatterns\AbstractFactoryActivity</Filter>
    </ClInclude>
    <ClInclude Include="include\ProgrammingPatterns\AbstractFactory\Mesa.h">
      <Filter>Header Files\ProgrammingPatterns\AbstractFactoryActivity</Filter>
    </ClInclude>
    <ClInclude Include="include\ProgrammingPatterns\AbstractFactory\FactoriaMueblesRusticos.h">
      <Filter>Header Files\ProgrammingPatterns\AbstractFactoryActivity</Filter>
    </ClInclude>
    <ClInclude Include="include\ProgrammingPatterns\AbstractFactory\FactoriaMueblesModernos.h">
      <Filter>Header Files\ProgrammingPatterns\AbstractFactoryActivity</Filter>
    </ClInclude>
    <ClInclude Include="include\ProgrammingPatterns\Builder\Producto.h">
      <Filter>Header Files\ProgrammingPatterns\Builder</Filter>
    </ClInclude>
    <ClInclude Include="include\ProgrammingPatterns\Builder\Builder.h">
      <Filter>Header Files\ProgrammingPatterns\Builder</Filter>
    </ClInclude>
    <ClInclude Include="include\ProgrammingPatterns\Builder\BuilderConcreto.h">
      <Filter>Header Files\ProgrammingPatterns\Builder</Filter>
    </ClInclude>
    <ClInclude Include="include\ProgrammingPatterns\Builder\Director.h">
      <Filter>Header Files\ProgrammingPatterns\Builder</Filter>
    </ClInclude>
    <ClInclude Include="include\ProgrammingPatterns\Builder\Pizza.h">
      <Filter>Header Files\ProgrammingPatterns\Builder</Filter>
    </ClInclude>
    <ClInclude Include="include\ProgrammingPatterns\Builder\ConstructorPizza.h">
      <Filter>Header Files\ProgrammingPatterns\Builder</Filter>
    </ClInclude>
    <ClInclude Include="include\ProgrammingPatterns\Builder\ConstructorPizzaHawaiana.h">
      <Filter>Header Files\ProgrammingPatterns\Builder</Filter>
    </ClInclude>
    <ClInclude Include="include\ProgrammingPatterns\Builder\ConstructorPizzaVegetariana.h">
      <Filter>Header Files\ProgrammingPatterns\Builder</Filter>
    </ClInclude>
    <ClInclude Include="include\ProgrammingPatterns\Builder\DirectorPizza.h">
      <Filter>Header Files\ProgrammingPatterns\Builder</Filter>
    </ClInclude>
    <ClInclude Include="include\ProgrammingPatterns\Builder\BuilderPizzaClase\Pizza.h">
      <Filter>Header Files\ProgrammingPatterns\Builder\BuilderPizzaClase</Filter>
    </ClInclude>
    <ClInclude Include="include\ProgrammingPatterns\Builder\BuilderPizzaClase\BuilderPizza.h">
      <Filter>Header Files\ProgrammingPatterns\Builder\BuilderPizzaClase</Filter>
    </ClInclude>
    <ClInclude Include="include\ProgrammingPatterns\Builder\BuilderPizzaClase\BuilderPizzaHawaiana.h">
      <Filter>Header Files\ProgrammingPatterns\Builder\BuilderPizzaClase</Filter>
    </ClInclude>
  </ItemGroup>
  <ItemGroup>
    <ClCompile Include="source\main2.cpp">
      <Filter>Source Files</Filter>
    </ClCompile>
    <ClCompile Include="source\ProgrammingPatterns\AbstractFactory\ProductoConcretoA.cpp">
      <Filter>Source Files\ProgrammingPatterns\AbstractFactory</Filter>
    </ClCompile>
    <ClCompile Include="source\ProgrammingPatterns\AbstractFactory\ProductoConcretoB.cpp">
      <Filter>Source Files\ProgrammingPatterns\AbstractFactory</Filter>
    </ClCompile>
    <ClCompile Include="source\ProgrammingPatterns\AbstractFactory\Mesa.cpp">
      <Filter>Source Files\ProgrammingPatterns\AbstractFactoryActivity</Filter>
    </ClCompile>
    <ClCompile Include="source\ProgrammingPatterns\AbstractFactory\Silla.cpp">
      <Filter>Source Files\ProgrammingPatterns\AbstractFactoryActivity</Filter>
    </ClCompile>
    <ClCompile Include="source\ProgrammingPatterns\Builder\BuilderConcreto.cpp">
      <Filter>Source Files\ProgrammingPatterns\Builder</Filter>
    </ClCompile>
    <ClCompile Include="source\ProgrammingPatterns\Builder\ConstructorPizzaHawaina.cpp">
      <Filter>Source Files\ProgrammingPatterns\Builder</Filter>
    </ClCompile>
    <ClCompile Include="source\ProgrammingPatterns\Builder\ConstructorPizzaVegetariana.cpp">
      <Filter>Source Files\ProgrammingPatterns\Builder</Filter>
    </ClCompile>
  </ItemGroup>
</Project>